// !$*UTF8*$!
{
	archiveVersion = 1;
	classes = {
	};
	objectVersion = 56;
	objects = {

/* Begin PBXBuildFile section */
		55C8A81A29321FFE0014D017 /* BreakingBadQuotesApp.swift in Sources */ = {isa = PBXBuildFile; fileRef = 55C8A81929321FFE0014D017 /* BreakingBadQuotesApp.swift */; };
		55C8A81C29321FFE0014D017 /* CharacterListView.swift in Sources */ = {isa = PBXBuildFile; fileRef = 55C8A81B29321FFE0014D017 /* CharacterListView.swift */; };
		55C8A81E29321FFF0014D017 /* Assets.xcassets in Resources */ = {isa = PBXBuildFile; fileRef = 55C8A81D29321FFF0014D017 /* Assets.xcassets */; };
		55C8A82129321FFF0014D017 /* Preview Assets.xcassets in Resources */ = {isa = PBXBuildFile; fileRef = 55C8A82029321FFF0014D017 /* Preview Assets.xcassets */; };
		55C8A829293220610014D017 /* Alamofire in Frameworks */ = {isa = PBXBuildFile; productRef = 55C8A828293220610014D017 /* Alamofire */; };
		55C8A82E293221C10014D017 /* Character.swift in Sources */ = {isa = PBXBuildFile; fileRef = 55C8A82D293221C10014D017 /* Character.swift */; };
		55C8A830293221D20014D017 /* Quote.swift in Sources */ = {isa = PBXBuildFile; fileRef = 55C8A82F293221D20014D017 /* Quote.swift */; };
		55C8A834293223180014D017 /* CharacterCellView.swift in Sources */ = {isa = PBXBuildFile; fileRef = 55C8A833293223180014D017 /* CharacterCellView.swift */; };
		55C8A836293223350014D017 /* CharacterList.swift in Sources */ = {isa = PBXBuildFile; fileRef = 55C8A835293223350014D017 /* CharacterList.swift */; };
		55C8A8382932235D0014D017 /* API.swift in Sources */ = {isa = PBXBuildFile; fileRef = 55C8A8372932235D0014D017 /* API.swift */; };
		55C8A83A2932279D0014D017 /* PreviewModels.swift in Sources */ = {isa = PBXBuildFile; fileRef = 55C8A8392932279D0014D017 /* PreviewModels.swift */; };
		55C8A83C293228C30014D017 /* QuoteTextView.swift in Sources */ = {isa = PBXBuildFile; fileRef = 55C8A83B293228C30014D017 /* QuoteTextView.swift */; };
		55C8A83E2932291A0014D017 /* CharacterDetailHeaderView.swift in Sources */ = {isa = PBXBuildFile; fileRef = 55C8A83D2932291A0014D017 /* CharacterDetailHeaderView.swift */; };
		55C8A842293229EF0014D017 /* CharacterDetailView.swift in Sources */ = {isa = PBXBuildFile; fileRef = 55C8A841293229EF0014D017 /* CharacterDetailView.swift */; };
		55C8A84429322A2C0014D017 /* QuoteList.swift in Sources */ = {isa = PBXBuildFile; fileRef = 55C8A84329322A2C0014D017 /* QuoteList.swift */; };
		55C8A84629322C180014D017 /* Favorites.swift in Sources */ = {isa = PBXBuildFile; fileRef = 55C8A84529322C180014D017 /* Favorites.swift */; };
		55C8A849293238660014D017 /* TextView+CaptionStyle.swift in Sources */ = {isa = PBXBuildFile; fileRef = 55C8A848293238660014D017 /* TextView+CaptionStyle.swift */; };
/* End PBXBuildFile section */

/* Begin PBXFileReference section */
		55C8A81629321FFE0014D017 /* BreakingBadQuotes.app */ = {isa = PBXFileReference; explicitFileType = wrapper.application; includeInIndex = 0; path = BreakingBadQuotes.app; sourceTree = BUILT_PRODUCTS_DIR; };
		55C8A81929321FFE0014D017 /* BreakingBadQuotesApp.swift */ = {isa = PBXFileReference; lastKnownFileType = sourcecode.swift; path = BreakingBadQuotesApp.swift; sourceTree = "<group>"; };
		55C8A81B29321FFE0014D017 /* CharacterListView.swift */ = {isa = PBXFileReference; lastKnownFileType = sourcecode.swift; path = CharacterListView.swift; sourceTree = "<group>"; };
		55C8A81D29321FFF0014D017 /* Assets.xcassets */ = {isa = PBXFileReference; lastKnownFileType = folder.assetcatalog; path = Assets.xcassets; sourceTree = "<group>"; };
		55C8A82029321FFF0014D017 /* Preview Assets.xcassets */ = {isa = PBXFileReference; lastKnownFileType = folder.assetcatalog; path = "Preview Assets.xcassets"; sourceTree = "<group>"; };
		55C8A82D293221C10014D017 /* Character.swift */ = {isa = PBXFileReference; lastKnownFileType = sourcecode.swift; path = Character.swift; sourceTree = "<group>"; };
		55C8A82F293221D20014D017 /* Quote.swift */ = {isa = PBXFileReference; lastKnownFileType = sourcecode.swift; path = Quote.swift; sourceTree = "<group>"; };
		55C8A833293223180014D017 /* CharacterCellView.swift */ = {isa = PBXFileReference; lastKnownFileType = sourcecode.swift; path = CharacterCellView.swift; sourceTree = "<group>"; };
		55C8A835293223350014D017 /* CharacterList.swift */ = {isa = PBXFileReference; lastKnownFileType = sourcecode.swift; path = CharacterList.swift; sourceTree = "<group>"; };
		55C8A8372932235D0014D017 /* API.swift */ = {isa = PBXFileReference; lastKnownFileType = sourcecode.swift; path = API.swift; sourceTree = "<group>"; };
		55C8A8392932279D0014D017 /* PreviewModels.swift */ = {isa = PBXFileReference; lastKnownFileType = sourcecode.swift; path = PreviewModels.swift; sourceTree = "<group>"; };
		55C8A83B293228C30014D017 /* QuoteTextView.swift */ = {isa = PBXFileReference; lastKnownFileType = sourcecode.swift; path = QuoteTextView.swift; sourceTree = "<group>"; };
		55C8A83D2932291A0014D017 /* CharacterDetailHeaderView.swift */ = {isa = PBXFileReference; lastKnownFileType = sourcecode.swift; path = CharacterDetailHeaderView.swift; sourceTree = "<group>"; };
		55C8A841293229EF0014D017 /* CharacterDetailView.swift */ = {isa = PBXFileReference; lastKnownFileType = sourcecode.swift; path = CharacterDetailView.swift; sourceTree = "<group>"; };
		55C8A84329322A2C0014D017 /* QuoteList.swift */ = {isa = PBXFileReference; lastKnownFileType = sourcecode.swift; path = QuoteList.swift; sourceTree = "<group>"; };
		55C8A84529322C180014D017 /* Favorites.swift */ = {isa = PBXFileReference; lastKnownFileType = sourcecode.swift; path = Favorites.swift; sourceTree = "<group>"; };
		55C8A8472932361D0014D017 /* QUESTIONS.md */ = {isa = PBXFileReference; lastKnownFileType = net.daringfireball.markdown; path = QUESTIONS.md; sourceTree = "<group>"; };
		55C8A848293238660014D017 /* TextView+CaptionStyle.swift */ = {isa = PBXFileReference; lastKnownFileType = sourcecode.swift; path = "TextView+CaptionStyle.swift"; sourceTree = "<group>"; };
/* End PBXFileReference section */

/* Begin PBXFrameworksBuildPhase section */
		55C8A81329321FFE0014D017 /* Frameworks */ = {
			isa = PBXFrameworksBuildPhase;
			buildActionMask = 2147483647;
			files = (
				55C8A829293220610014D017 /* Alamofire in Frameworks */,
			);
			runOnlyForDeploymentPostprocessing = 0;
		};
/* End PBXFrameworksBuildPhase section */

/* Begin PBXGroup section */
		55C8A80D29321FFE0014D017 = {
			isa = PBXGroup;
			children = (
				55C8A8472932361D0014D017 /* QUESTIONS.md */,
				55C8A81829321FFE0014D017 /* BreakingBadQuotes */,
				55C8A81729321FFE0014D017 /* Products */,
			);
			sourceTree = "<group>";
		};
		55C8A81729321FFE0014D017 /* Products */ = {
			isa = PBXGroup;
			children = (
				55C8A81629321FFE0014D017 /* BreakingBadQuotes.app */,
			);
			name = Products;
			sourceTree = "<group>";
		};
		55C8A81829321FFE0014D017 /* BreakingBadQuotes */ = {
			isa = PBXGroup;
			children = (
				55C8A81929321FFE0014D017 /* BreakingBadQuotesApp.swift */,
				55C8A8372932235D0014D017 /* API.swift */,
				55C8A82C293221B60014D017 /* Model */,
				55C8A82B293221B30014D017 /* View */,
				55C8A82A293221A70014D017 /* ViewModel */,
				55C8A84A2932386C0014D017 /* Extensions */,
				55C8A81D29321FFF0014D017 /* Assets.xcassets */,
				55C8A81F29321FFF0014D017 /* Preview Content */,
			);
			path = BreakingBadQuotes;
			sourceTree = "<group>";
		};
		55C8A81F29321FFF0014D017 /* Preview Content */ = {
			isa = PBXGroup;
			children = (
				55C8A82029321FFF0014D017 /* Preview Assets.xcassets */,
				55C8A8392932279D0014D017 /* PreviewModels.swift */,
			);
			path = "Preview Content";
			sourceTree = "<group>";
		};
		55C8A82A293221A70014D017 /* ViewModel */ = {
			isa = PBXGroup;
			children = (
				55C8A835293223350014D017 /* CharacterList.swift */,
				55C8A84329322A2C0014D017 /* QuoteList.swift */,
				55C8A84529322C180014D017 /* Favorites.swift */,
			);
			path = ViewModel;
			sourceTree = "<group>";
		};
		55C8A82B293221B30014D017 /* View */ = {
			isa = PBXGroup;
			children = (
				55C8A83F293229200014D017 /* List */,
				55C8A840293229260014D017 /* Detail */,
			);
			path = View;
			sourceTree = "<group>";
		};
		55C8A82C293221B60014D017 /* Model */ = {
			isa = PBXGroup;
			children = (
				55C8A82D293221C10014D017 /* Character.swift */,
				55C8A82F293221D20014D017 /* Quote.swift */,
			);
			path = Model;
			sourceTree = "<group>";
		};
		55C8A83F293229200014D017 /* List */ = {
			isa = PBXGroup;
			children = (
				55C8A81B29321FFE0014D017 /* CharacterListView.swift */,
				55C8A833293223180014D017 /* CharacterCellView.swift */,
			);
			path = List;
			sourceTree = "<group>";
		};
		55C8A840293229260014D017 /* Detail */ = {
			isa = PBXGroup;
			children = (
				55C8A841293229EF0014D017 /* CharacterDetailView.swift */,
				55C8A83D2932291A0014D017 /* CharacterDetailHeaderView.swift */,
				55C8A83B293228C30014D017 /* QuoteTextView.swift */,
			);
			path = Detail;
			sourceTree = "<group>";
		};
		55C8A84A2932386C0014D017 /* Extensions */ = {
			isa = PBXGroup;
			children = (
				55C8A848293238660014D017 /* TextView+CaptionStyle.swift */,
			);
			path = Extensions;
			sourceTree = "<group>";
		};
/* End PBXGroup section */

/* Begin PBXNativeTarget section */
		55C8A81529321FFE0014D017 /* BreakingBadQuotes */ = {
			isa = PBXNativeTarget;
			buildConfigurationList = 55C8A82429321FFF0014D017 /* Build configuration list for PBXNativeTarget "BreakingBadQuotes" */;
			buildPhases = (
				55C8A81229321FFE0014D017 /* Sources */,
				55C8A81329321FFE0014D017 /* Frameworks */,
				55C8A81429321FFE0014D017 /* Resources */,
			);
			buildRules = (
			);
			dependencies = (
			);
			name = BreakingBadQuotes;
			packageProductDependencies = (
				55C8A828293220610014D017 /* Alamofire */,
			);
			productName = BreakingBadQuotes;
			productReference = 55C8A81629321FFE0014D017 /* BreakingBadQuotes.app */;
			productType = "com.apple.product-type.application";
		};
/* End PBXNativeTarget section */

/* Begin PBXProject section */
		55C8A80E29321FFE0014D017 /* Project object */ = {
			isa = PBXProject;
			attributes = {
				BuildIndependentTargetsInParallel = 1;
				LastSwiftUpdateCheck = 1410;
				LastUpgradeCheck = 1410;
				TargetAttributes = {
					55C8A81529321FFE0014D017 = {
						CreatedOnToolsVersion = 14.1;
					};
				};
			};
			buildConfigurationList = 55C8A81129321FFE0014D017 /* Build configuration list for PBXProject "BreakingBadQuotes" */;
			compatibilityVersion = "Xcode 14.0";
			developmentRegion = en;
			hasScannedForEncodings = 0;
			knownRegions = (
				en,
				Base,
			);
			mainGroup = 55C8A80D29321FFE0014D017;
			packageReferences = (
				55C8A827293220610014D017 /* XCRemoteSwiftPackageReference "Alamofire" */,
			);
			productRefGroup = 55C8A81729321FFE0014D017 /* Products */;
			projectDirPath = "";
			projectRoot = "";
			targets = (
				55C8A81529321FFE0014D017 /* BreakingBadQuotes */,
			);
		};
/* End PBXProject section */

/* Begin PBXResourcesBuildPhase section */
		55C8A81429321FFE0014D017 /* Resources */ = {
			isa = PBXResourcesBuildPhase;
			buildActionMask = 2147483647;
			files = (
				55C8A82129321FFF0014D017 /* Preview Assets.xcassets in Resources */,
				55C8A81E29321FFF0014D017 /* Assets.xcassets in Resources */,
			);
			runOnlyForDeploymentPostprocessing = 0;
		};
/* End PBXResourcesBuildPhase section */

/* Begin PBXSourcesBuildPhase section */
		55C8A81229321FFE0014D017 /* Sources */ = {
			isa = PBXSourcesBuildPhase;
			buildActionMask = 2147483647;
			files = (
				55C8A830293221D20014D017 /* Quote.swift in Sources */,
				55C8A842293229EF0014D017 /* CharacterDetailView.swift in Sources */,
				55C8A82E293221C10014D017 /* Character.swift in Sources */,
				55C8A81C29321FFE0014D017 /* CharacterListView.swift in Sources */,
				55C8A84429322A2C0014D017 /* QuoteList.swift in Sources */,
				55C8A836293223350014D017 /* CharacterList.swift in Sources */,
				55C8A83E2932291A0014D017 /* CharacterDetailHeaderView.swift in Sources */,
				55C8A83A2932279D0014D017 /* PreviewModels.swift in Sources */,
				55C8A834293223180014D017 /* CharacterCellView.swift in Sources */,
				55C8A81A29321FFE0014D017 /* BreakingBadQuotesApp.swift in Sources */,
				55C8A8382932235D0014D017 /* API.swift in Sources */,
				55C8A83C293228C30014D017 /* QuoteTextView.swift in Sources */,
				55C8A849293238660014D017 /* TextView+CaptionStyle.swift in Sources */,
				55C8A84629322C180014D017 /* Favorites.swift in Sources */,
			);
			runOnlyForDeploymentPostprocessing = 0;
		};
/* End PBXSourcesBuildPhase section */

/* Begin XCBuildConfiguration section */
		55C8A82229321FFF0014D017 /* Debug */ = {
			isa = XCBuildConfiguration;
			buildSettings = {
				ALWAYS_SEARCH_USER_PATHS = NO;
				CLANG_ANALYZER_NONNULL = YES;
				CLANG_ANALYZER_NUMBER_OBJECT_CONVERSION = YES_AGGRESSIVE;
				CLANG_CXX_LANGUAGE_STANDARD = "gnu++20";
				CLANG_ENABLE_MODULES = YES;
				CLANG_ENABLE_OBJC_ARC = YES;
				CLANG_ENABLE_OBJC_WEAK = YES;
				CLANG_WARN_BLOCK_CAPTURE_AUTORELEASING = YES;
				CLANG_WARN_BOOL_CONVERSION = YES;
				CLANG_WARN_COMMA = YES;
				CLANG_WARN_CONSTANT_CONVERSION = YES;
				CLANG_WARN_DEPRECATED_OBJC_IMPLEMENTATIONS = YES;
				CLANG_WARN_DIRECT_OBJC_ISA_USAGE = YES_ERROR;
				CLANG_WARN_DOCUMENTATION_COMMENTS = YES;
				CLANG_WARN_EMPTY_BODY = YES;
				CLANG_WARN_ENUM_CONVERSION = YES;
				CLANG_WARN_INFINITE_RECURSION = YES;
				CLANG_WARN_INT_CONVERSION = YES;
				CLANG_WARN_NON_LITERAL_NULL_CONVERSION = YES;
				CLANG_WARN_OBJC_IMPLICIT_RETAIN_SELF = YES;
				CLANG_WARN_OBJC_LITERAL_CONVERSION = YES;
				CLANG_WARN_OBJC_ROOT_CLASS = YES_ERROR;
				CLANG_WARN_QUOTED_INCLUDE_IN_FRAMEWORK_HEADER = YES;
				CLANG_WARN_RANGE_LOOP_ANALYSIS = YES;
				CLANG_WARN_STRICT_PROTOTYPES = YES;
				CLANG_WARN_SUSPICIOUS_MOVE = YES;
				CLANG_WARN_UNGUARDED_AVAILABILITY = YES_AGGRESSIVE;
				CLANG_WARN_UNREACHABLE_CODE = YES;
				CLANG_WARN__DUPLICATE_METHOD_MATCH = YES;
				COPY_PHASE_STRIP = NO;
				DEBUG_INFORMATION_FORMAT = dwarf;
				ENABLE_STRICT_OBJC_MSGSEND = YES;
				ENABLE_TESTABILITY = YES;
				GCC_C_LANGUAGE_STANDARD = gnu11;
				GCC_DYNAMIC_NO_PIC = NO;
				GCC_NO_COMMON_BLOCKS = YES;
				GCC_OPTIMIZATION_LEVEL = 0;
				GCC_PREPROCESSOR_DEFINITIONS = (
					"DEBUG=1",
					"$(inherited)",
				);
				GCC_WARN_64_TO_32_BIT_CONVERSION = YES;
				GCC_WARN_ABOUT_RETURN_TYPE = YES_ERROR;
				GCC_WARN_UNDECLARED_SELECTOR = YES;
				GCC_WARN_UNINITIALIZED_AUTOS = YES_AGGRESSIVE;
				GCC_WARN_UNUSED_FUNCTION = YES;
				GCC_WARN_UNUSED_VARIABLE = YES;
				IPHONEOS_DEPLOYMENT_TARGET = 16.1;
				MTL_ENABLE_DEBUG_INFO = INCLUDE_SOURCE;
				MTL_FAST_MATH = YES;
				ONLY_ACTIVE_ARCH = YES;
				SDKROOT = iphoneos;
				SWIFT_ACTIVE_COMPILATION_CONDITIONS = DEBUG;
				SWIFT_OPTIMIZATION_LEVEL = "-Onone";
			};
			name = Debug;
		};
		55C8A82329321FFF0014D017 /* Release */ = {
			isa = XCBuildConfiguration;
			buildSettings = {
				ALWAYS_SEARCH_USER_PATHS = NO;
				CLANG_ANALYZER_NONNULL = YES;
				CLANG_ANALYZER_NUMBER_OBJECT_CONVERSION = YES_AGGRESSIVE;
				CLANG_CXX_LANGUAGE_STANDARD = "gnu++20";
				CLANG_ENABLE_MODULES = YES;
				CLANG_ENABLE_OBJC_ARC = YES;
				CLANG_ENABLE_OBJC_WEAK = YES;
				CLANG_WARN_BLOCK_CAPTURE_AUTORELEASING = YES;
				CLANG_WARN_BOOL_CONVERSION = YES;
				CLANG_WARN_COMMA = YES;
				CLANG_WARN_CONSTANT_CONVERSION = YES;
				CLANG_WARN_DEPRECATED_OBJC_IMPLEMENTATIONS = YES;
				CLANG_WARN_DIRECT_OBJC_ISA_USAGE = YES_ERROR;
				CLANG_WARN_DOCUMENTATION_COMMENTS = YES;
				CLANG_WARN_EMPTY_BODY = YES;
				CLANG_WARN_ENUM_CONVERSION = YES;
				CLANG_WARN_INFINITE_RECURSION = YES;
				CLANG_WARN_INT_CONVERSION = YES;
				CLANG_WARN_NON_LITERAL_NULL_CONVERSION = YES;
				CLANG_WARN_OBJC_IMPLICIT_RETAIN_SELF = YES;
				CLANG_WARN_OBJC_LITERAL_CONVERSION = YES;
				CLANG_WARN_OBJC_ROOT_CLASS = YES_ERROR;
				CLANG_WARN_QUOTED_INCLUDE_IN_FRAMEWORK_HEADER = YES;
				CLANG_WARN_RANGE_LOOP_ANALYSIS = YES;
				CLANG_WARN_STRICT_PROTOTYPES = YES;
				CLANG_WARN_SUSPICIOUS_MOVE = YES;
				CLANG_WARN_UNGUARDED_AVAILABILITY = YES_AGGRESSIVE;
				CLANG_WARN_UNREACHABLE_CODE = YES;
				CLANG_WARN__DUPLICATE_METHOD_MATCH = YES;
				COPY_PHASE_STRIP = NO;
				DEBUG_INFORMATION_FORMAT = "dwarf-with-dsym";
				ENABLE_NS_ASSERTIONS = NO;
				ENABLE_STRICT_OBJC_MSGSEND = YES;
				GCC_C_LANGUAGE_STANDARD = gnu11;
				GCC_NO_COMMON_BLOCKS = YES;
				GCC_WARN_64_TO_32_BIT_CONVERSION = YES;
				GCC_WARN_ABOUT_RETURN_TYPE = YES_ERROR;
				GCC_WARN_UNDECLARED_SELECTOR = YES;
				GCC_WARN_UNINITIALIZED_AUTOS = YES_AGGRESSIVE;
				GCC_WARN_UNUSED_FUNCTION = YES;
				GCC_WARN_UNUSED_VARIABLE = YES;
				IPHONEOS_DEPLOYMENT_TARGET = 16.1;
				MTL_ENABLE_DEBUG_INFO = NO;
				MTL_FAST_MATH = YES;
				SDKROOT = iphoneos;
				SWIFT_COMPILATION_MODE = wholemodule;
				SWIFT_OPTIMIZATION_LEVEL = "-O";
				VALIDATE_PRODUCT = YES;
			};
			name = Release;
		};
		55C8A82529321FFF0014D017 /* Debug */ = {
			isa = XCBuildConfiguration;
			buildSettings = {
				ASSETCATALOG_COMPILER_APPICON_NAME = AppIcon;
				ASSETCATALOG_COMPILER_GLOBAL_ACCENT_COLOR_NAME = AccentColor;
				CODE_SIGN_STYLE = Automatic;
				CURRENT_PROJECT_VERSION = 1;
				DEVELOPMENT_ASSET_PATHS = "\"BreakingBadQuotes/Preview Content\"";
				DEVELOPMENT_TEAM = "";
				ENABLE_PREVIEWS = YES;
				GENERATE_INFOPLIST_FILE = YES;
				INFOPLIST_KEY_UIApplicationSceneManifest_Generation = YES;
				INFOPLIST_KEY_UIApplicationSupportsIndirectInputEvents = YES;
				INFOPLIST_KEY_UILaunchScreen_Generation = YES;
				INFOPLIST_KEY_UISupportedInterfaceOrientations_iPad = "UIInterfaceOrientationPortrait UIInterfaceOrientationPortraitUpsideDown UIInterfaceOrientationLandscapeLeft UIInterfaceOrientationLandscapeRight";
				INFOPLIST_KEY_UISupportedInterfaceOrientations_iPhone = "UIInterfaceOrientationPortrait UIInterfaceOrientationLandscapeLeft UIInterfaceOrientationLandscapeRight";
				IPHONEOS_DEPLOYMENT_TARGET = 16.0;
				LD_RUNPATH_SEARCH_PATHS = (
					"$(inherited)",
					"@executable_path/Frameworks",
				);
				MARKETING_VERSION = 1.0;
				PRODUCT_BUNDLE_IDENTIFIER = com.sandorgyulai.BreakingBadQuotes;
				PRODUCT_NAME = "$(TARGET_NAME)";
				SWIFT_EMIT_LOC_STRINGS = YES;
				SWIFT_VERSION = 5.0;
				TARGETED_DEVICE_FAMILY = "1,2";
			};
			name = Debug;
		};
		55C8A82629321FFF0014D017 /* Release */ = {
			isa = XCBuildConfiguration;
			buildSettings = {
				ASSETCATALOG_COMPILER_APPICON_NAME = AppIcon;
				ASSETCATALOG_COMPILER_GLOBAL_ACCENT_COLOR_NAME = AccentColor;
				CODE_SIGN_STYLE = Automatic;
				CURRENT_PROJECT_VERSION = 1;
				DEVELOPMENT_ASSET_PATHS = "\"BreakingBadQuotes/Preview Content\"";
				DEVELOPMENT_TEAM = "";
				ENABLE_PREVIEWS = YES;
				GENERATE_INFOPLIST_FILE = YES;
				INFOPLIST_KEY_UIApplicationSceneManifest_Generation = YES;
				INFOPLIST_KEY_UIApplicationSupportsIndirectInputEvents = YES;
				INFOPLIST_KEY_UILaunchScreen_Generation = YES;
				INFOPLIST_KEY_UISupportedInterfaceOrientations_iPad = "UIInterfaceOrientationPortrait UIInterfaceOrientationPortraitUpsideDown UIInterfaceOrientationLandscapeLeft UIInterfaceOrientationLandscapeRight";
				INFOPLIST_KEY_UISupportedInterfaceOrientations_iPhone = "UIInterfaceOrientationPortrait UIInterfaceOrientationLandscapeLeft UIInterfaceOrientationLandscapeRight";
				IPHONEOS_DEPLOYMENT_TARGET = 16.0;
				LD_RUNPATH_SEARCH_PATHS = (
					"$(inherited)",
					"@executable_path/Frameworks",
				);
				MARKETING_VERSION = 1.0;
				PRODUCT_BUNDLE_IDENTIFIER = com.sandorgyulai.BreakingBadQuotes;
				PRODUCT_NAME = "$(TARGET_NAME)";
				SWIFT_EMIT_LOC_STRINGS = YES;
				SWIFT_VERSION = 5.0;
				TARGETED_DEVICE_FAMILY = "1,2";
			};
			name = Release;
		};
/* End XCBuildConfiguration section */

/* Begin XCConfigurationList section */
		55C8A81129321FFE0014D017 /* Build configuration list for PBXProject "BreakingBadQuotes" */ = {
			isa = XCConfigurationList;
			buildConfigurations = (
				55C8A82229321FFF0014D017 /* Debug */,
				55C8A82329321FFF0014D017 /* Release */,
			);
			defaultConfigurationIsVisible = 0;
			defaultConfigurationName = Release;
		};
		55C8A82429321FFF0014D017 /* Build configuration list for PBXNativeTarget "BreakingBadQuotes" */ = {
			isa = XCConfigurationList;
			buildConfigurations = (
				55C8A82529321FFF0014D017 /* Debug */,
				55C8A82629321FFF0014D017 /* Release */,
			);
			defaultConfigurationIsVisible = 0;
			defaultConfigurationName = Release;
		};
/* End XCConfigurationList section */

/* Begin XCRemoteSwiftPackageReference section */
		55C8A827293220610014D017 /* XCRemoteSwiftPackageReference "Alamofire" */ = {
			isa = XCRemoteSwiftPackageReference;
			repositoryURL = "https://github.com/Alamofire/Alamofire.git";
			requirement = {
				kind = upToNextMajorVersion;
				minimumVersion = 5.0.0;
			};
		};
/* End XCRemoteSwiftPackageReference section */

/* Begin XCSwiftPackageProductDependency section */
		55C8A828293220610014D017 /* Alamofire */ = {
			isa = XCSwiftPackageProductDependency;
			package = 55C8A827293220610014D017 /* XCRemoteSwiftPackageReference "Alamofire" */;
			productName = Alamofire;
		};
/* End XCSwiftPackageProductDependency section */
	};
	rootObject = 55C8A80E29321FFE0014D017 /* Project object */;
}
